// !$*UTF8*$!
{
	archiveVersion = 1;
	classes = {
	};
	objectVersion = 50;
	objects = {

/* Begin PBXBuildFile section */
		80B499E8231932A800FEC958 /* AppDelegate.swift in Sources */ = {isa = PBXBuildFile; fileRef = 80B499E7231932A800FEC958 /* AppDelegate.swift */; };
		80B499EA231932A800FEC958 /* ViewController.swift in Sources */ = {isa = PBXBuildFile; fileRef = 80B499E9231932A800FEC958 /* ViewController.swift */; };
		80B499ED231932A800FEC958 /* Main.storyboard in Resources */ = {isa = PBXBuildFile; fileRef = 80B499EB231932A800FEC958 /* Main.storyboard */; };
		80B499EF231932AB00FEC958 /* Assets.xcassets in Resources */ = {isa = PBXBuildFile; fileRef = 80B499EE231932AB00FEC958 /* Assets.xcassets */; };
		80B499F2231932AB00FEC958 /* LaunchScreen.storyboard in Resources */ = {isa = PBXBuildFile; fileRef = 80B499F0231932AB00FEC958 /* LaunchScreen.storyboard */; };
		80B499FB231935F200FEC958 /* OverlayContainer.framework in Frameworks */ = {isa = PBXBuildFile; fileRef = 80B499FA231935F200FEC958 /* OverlayContainer.framework */; };
		80FD767023194DD400BB78DF /* MainViewController.swift in Sources */ = {isa = PBXBuildFile; fileRef = 80FD766E23194DD400BB78DF /* MainViewController.swift */; };
		80FD767123194DD400BB78DF /* MainViewController.xib in Resources */ = {isa = PBXBuildFile; fileRef = 80FD766F23194DD400BB78DF /* MainViewController.xib */; };
		80FD767423194E4A00BB78DF /* SearchViewController.swift in Sources */ = {isa = PBXBuildFile; fileRef = 80FD767223194E4A00BB78DF /* SearchViewController.swift */; };
		80FD767523194E4A00BB78DF /* SearchViewController.xib in Resources */ = {isa = PBXBuildFile; fileRef = 80FD767323194E4A00BB78DF /* SearchViewController.xib */; };
		80FD767723194EF600BB78DF /* OverlayViewController.swift in Sources */ = {isa = PBXBuildFile; fileRef = 80FD767623194EF600BB78DF /* OverlayViewController.swift */; };
/* End PBXBuildFile section */

/* Begin PBXFileReference section */
		80B499E4231932A800FEC958 /* gg.app */ = {isa = PBXFileReference; explicitFileType = wrapper.application; includeInIndex = 0; path = gg.app; sourceTree = BUILT_PRODUCTS_DIR; };
		80B499E7231932A800FEC958 /* AppDelegate.swift */ = {isa = PBXFileReference; lastKnownFileType = sourcecode.swift; path = AppDelegate.swift; sourceTree = "<group>"; };
		80B499E9231932A800FEC958 /* ViewController.swift */ = {isa = PBXFileReference; lastKnownFileType = sourcecode.swift; path = ViewController.swift; sourceTree = "<group>"; };
		80B499EC231932A800FEC958 /* Base */ = {isa = PBXFileReference; lastKnownFileType = file.storyboard; name = Base; path = Base.lproj/Main.storyboard; sourceTree = "<group>"; };
		80B499EE231932AB00FEC958 /* Assets.xcassets */ = {isa = PBXFileReference; lastKnownFileType = folder.assetcatalog; path = Assets.xcassets; sourceTree = "<group>"; };
		80B499F1231932AB00FEC958 /* Base */ = {isa = PBXFileReference; lastKnownFileType = file.storyboard; name = Base; path = Base.lproj/LaunchScreen.storyboard; sourceTree = "<group>"; };
		80B499F3231932AB00FEC958 /* Info.plist */ = {isa = PBXFileReference; lastKnownFileType = text.plist.xml; path = Info.plist; sourceTree = "<group>"; };
		80B499FA231935F200FEC958 /* OverlayContainer.framework */ = {isa = PBXFileReference; lastKnownFileType = wrapper.framework; name = OverlayContainer.framework; path = Carthage/Build/iOS/OverlayContainer.framework; sourceTree = "<group>"; };
		80FD766E23194DD400BB78DF /* MainViewController.swift */ = {isa = PBXFileReference; lastKnownFileType = sourcecode.swift; path = MainViewController.swift; sourceTree = "<group>"; };
		80FD766F23194DD400BB78DF /* MainViewController.xib */ = {isa = PBXFileReference; lastKnownFileType = file.xib; path = MainViewController.xib; sourceTree = "<group>"; };
		80FD767223194E4A00BB78DF /* SearchViewController.swift */ = {isa = PBXFileReference; lastKnownFileType = sourcecode.swift; path = SearchViewController.swift; sourceTree = "<group>"; };
		80FD767323194E4A00BB78DF /* SearchViewController.xib */ = {isa = PBXFileReference; lastKnownFileType = file.xib; path = SearchViewController.xib; sourceTree = "<group>"; };
		80FD767623194EF600BB78DF /* OverlayViewController.swift */ = {isa = PBXFileReference; lastKnownFileType = sourcecode.swift; path = OverlayViewController.swift; sourceTree = "<group>"; };
/* End PBXFileReference section */

/* Begin PBXFrameworksBuildPhase section */
		80B499E1231932A800FEC958 /* Frameworks */ = {
			isa = PBXFrameworksBuildPhase;
			buildActionMask = 2147483647;
			files = (
				80B499FB231935F200FEC958 /* OverlayContainer.framework in Frameworks */,
			);
			runOnlyForDeploymentPostprocessing = 0;
		};
/* End PBXFrameworksBuildPhase section */

/* Begin PBXGroup section */
		80B499DB231932A800FEC958 = {
			isa = PBXGroup;
			children = (
				80B499E6231932A800FEC958 /* gg */,
				80B499E5231932A800FEC958 /* Products */,
				80B499FA231935F200FEC958 /* OverlayContainer.framework */,
			);
			sourceTree = "<group>";
		};
		80B499E5231932A800FEC958 /* Products */ = {
			isa = PBXGroup;
			children = (
				80B499E4231932A800FEC958 /* gg.app */,
			);
			name = Products;
			sourceTree = "<group>";
		};
		80B499E6231932A800FEC958 /* gg */ = {
			isa = PBXGroup;
			children = (
				80B499E7231932A800FEC958 /* AppDelegate.swift */,
				80FD767623194EF600BB78DF /* OverlayViewController.swift */,
				80B499E9231932A800FEC958 /* ViewController.swift */,
				80FD766E23194DD400BB78DF /* MainViewController.swift */,
				80FD766F23194DD400BB78DF /* MainViewController.xib */,
				80B499EB231932A800FEC958 /* Main.storyboard */,
				80FD767223194E4A00BB78DF /* SearchViewController.swift */,
				80FD767323194E4A00BB78DF /* SearchViewController.xib */,
				80B499EE231932AB00FEC958 /* Assets.xcassets */,
				80B499F0231932AB00FEC958 /* LaunchScreen.storyboard */,
				80B499F3231932AB00FEC958 /* Info.plist */,
			);
			path = gg;
			sourceTree = "<group>";
		};
/* End PBXGroup section */

/* Begin PBXNativeTarget section */
		80B499E3231932A800FEC958 /* gg */ = {
			isa = PBXNativeTarget;
			buildConfigurationList = 80B499F6231932AB00FEC958 /* Build configuration list for PBXNativeTarget "gg" */;
			buildPhases = (
				80B499E0231932A800FEC958 /* Sources */,
				80B499E1231932A800FEC958 /* Frameworks */,
				80B499E2231932A800FEC958 /* Resources */,
				80B499F9231935AD00FEC958 /* ShellScript */,
			);
			buildRules = (
			);
			dependencies = (
			);
			name = gg;
			productName = gg;
			productReference = 80B499E4231932A800FEC958 /* gg.app */;
			productType = "com.apple.product-type.application";
		};
/* End PBXNativeTarget section */

/* Begin PBXProject section */
		80B499DC231932A800FEC958 /* Project object */ = {
			isa = PBXProject;
			attributes = {
				LastSwiftUpdateCheck = 1030;
				LastUpgradeCheck = 1030;
				ORGANIZATIONNAME = "Josh Hunt";
				TargetAttributes = {
					80B499E3231932A800FEC958 = {
						CreatedOnToolsVersion = 10.3;
					};
				};
			};
			buildConfigurationList = 80B499DF231932A800FEC958 /* Build configuration list for PBXProject "gg" */;
			compatibilityVersion = "Xcode 9.3";
			developmentRegion = en;
			hasScannedForEncodings = 0;
			knownRegions = (
				en,
				Base,
			);
			mainGroup = 80B499DB231932A800FEC958;
			productRefGroup = 80B499E5231932A800FEC958 /* Products */;
			projectDirPath = "";
			projectRoot = "";
			targets = (
				80B499E3231932A800FEC958 /* gg */,
			);
		};
/* End PBXProject section */

/* Begin PBXResourcesBuildPhase section */
		80B499E2231932A800FEC958 /* Resources */ = {
			isa = PBXResourcesBuildPhase;
			buildActionMask = 2147483647;
			files = (
				80B499F2231932AB00FEC958 /* LaunchScreen.storyboard in Resources */,
				80B499EF231932AB00FEC958 /* Assets.xcassets in Resources */,
				80B499ED231932A800FEC958 /* Main.storyboard in Resources */,
				80FD767523194E4A00BB78DF /* SearchViewController.xib in Resources */,
				80FD767123194DD400BB78DF /* MainViewController.xib in Resources */,
			);
			runOnlyForDeploymentPostprocessing = 0;
		};
/* End PBXResourcesBuildPhase section */

/* Begin PBXShellScriptBuildPhase section */
		80B499F9231935AD00FEC958 /* ShellScript */ = {
			isa = PBXShellScriptBuildPhase;
			buildActionMask = 2147483647;
			files = (
			);
			inputFileListPaths = (
			);
			inputPaths = (
				"$(SRCROOT)/Carthage/Build/iOS/OverlayContainer.framework",
			);
			outputFileListPaths = (
			);
			outputPaths = (
				"$(BUILT_PRODUCTS_DIR)/$(FRAMEWORKS_FOLDER_PATH)/OverlayContainer.framework",
			);
			runOnlyForDeploymentPostprocessing = 0;
			shellPath = /bin/sh;
			shellScript = "/usr/local/bin/carthage copy-frameworks\n";
		};
/* End PBXShellScriptBuildPhase section */

/* Begin PBXSourcesBuildPhase section */
		80B499E0231932A800FEC958 /* Sources */ = {
			isa = PBXSourcesBuildPhase;
			buildActionMask = 2147483647;
			files = (
				80FD767023194DD400BB78DF /* MainViewController.swift in Sources */,
				80B499EA231932A800FEC958 /* ViewController.swift in Sources */,
				80FD767723194EF600BB78DF /* OverlayViewController.swift in Sources */,
				80FD767423194E4A00BB78DF /* SearchViewController.swift in Sources */,
				80B499E8231932A800FEC958 /* AppDelegate.swift in Sources */,
			);
			runOnlyForDeploymentPostprocessing = 0;
		};
/* End PBXSourcesBuildPhase section */

/* Begin PBXVariantGroup section */
		80B499EB231932A800FEC958 /* Main.storyboard */ = {
			isa = PBXVariantGroup;
			children = (
				80B499EC231932A800FEC958 /* Base */,
			);
			name = Main.storyboard;
			sourceTree = "<group>";
		};
		80B499F0231932AB00FEC958 /* LaunchScreen.storyboard */ = {
			isa = PBXVariantGroup;
			children = (
				80B499F1231932AB00FEC958 /* Base */,
			);
			name = LaunchScreen.storyboard;
			sourceTree = "<group>";
		};
/* End PBXVariantGroup section */

/* Begin XCBuildConfiguration section */
		80B499F4231932AB00FEC958 /* Debug */ = {
			isa = XCBuildConfiguration;
			buildSettings = {
				ALWAYS_SEARCH_USER_PATHS = NO;
				CLANG_ANALYZER_NONNULL = YES;
				CLANG_ANALYZER_NUMBER_OBJECT_CONVERSION = YES_AGGRESSIVE;
				CLANG_CXX_LANGUAGE_STANDARD = "gnu++14";
				CLANG_CXX_LIBRARY = "libc++";
				CLANG_ENABLE_MODULES = YES;
				CLANG_ENABLE_OBJC_ARC = YES;
				CLANG_ENABLE_OBJC_WEAK = YES;
				CLANG_WARN_BLOCK_CAPTURE_AUTORELEASING = YES;
				CLANG_WARN_BOOL_CONVERSION = YES;
				CLANG_WARN_COMMA = YES;
				CLANG_WARN_CONSTANT_CONVERSION = YES;
				CLANG_WARN_DEPRECATED_OBJC_IMPLEMENTATIONS = YES;
				CLANG_WARN_DIRECT_OBJC_ISA_USAGE = YES_ERROR;
				CLANG_WARN_DOCUMENTATION_COMMENTS = YES;
				CLANG_WARN_EMPTY_BODY = YES;
				CLANG_WARN_ENUM_CONVERSION = YES;
				CLANG_WARN_INFINITE_RECURSION = YES;
				CLANG_WARN_INT_CONVERSION = YES;
				CLANG_WARN_NON_LITERAL_NULL_CONVERSION = YES;
				CLANG_WARN_OBJC_IMPLICIT_RETAIN_SELF = YES;
				CLANG_WARN_OBJC_LITERAL_CONVERSION = YES;
				CLANG_WARN_OBJC_ROOT_CLASS = YES_ERROR;
				CLANG_WARN_RANGE_LOOP_ANALYSIS = YES;
				CLANG_WARN_STRICT_PROTOTYPES = YES;
				CLANG_WARN_SUSPICIOUS_MOVE = YES;
				CLANG_WARN_UNGUARDED_AVAILABILITY = YES_AGGRESSIVE;
				CLANG_WARN_UNREACHABLE_CODE = YES;
				CLANG_WARN__DUPLICATE_METHOD_MATCH = YES;
				CODE_SIGN_IDENTITY = "iPhone Developer";
				COPY_PHASE_STRIP = NO;
				DEBUG_INFORMATION_FORMAT = dwarf;
				ENABLE_STRICT_OBJC_MSGSEND = YES;
				ENABLE_TESTABILITY = YES;
				GCC_C_LANGUAGE_STANDARD = gnu11;
				GCC_DYNAMIC_NO_PIC = NO;
				GCC_NO_COMMON_BLOCKS = YES;
				GCC_OPTIMIZATION_LEVEL = 0;
				GCC_PREPROCESSOR_DEFINITIONS = (
					"DEBUG=1",
					"$(inherited)",
				);
				GCC_WARN_64_TO_32_BIT_CONVERSION = YES;
				GCC_WARN_ABOUT_RETURN_TYPE = YES_ERROR;
				GCC_WARN_UNDECLARED_SELECTOR = YES;
				GCC_WARN_UNINITIALIZED_AUTOS = YES_AGGRESSIVE;
				GCC_WARN_UNUSED_FUNCTION = YES;
				GCC_WARN_UNUSED_VARIABLE = YES;
				IPHONEOS_DEPLOYMENT_TARGET = 12.4;
				MTL_ENABLE_DEBUG_INFO = INCLUDE_SOURCE;
				MTL_FAST_MATH = YES;
				ONLY_ACTIVE_ARCH = YES;
				SDKROOT = iphoneos;
				SWIFT_ACTIVE_COMPILATION_CONDITIONS = DEBUG;
				SWIFT_OPTIMIZATION_LEVEL = "-Onone";
			};
			name = Debug;
		};
		80B499F5231932AB00FEC958 /* Release */ = {
			isa = XCBuildConfiguration;
			buildSettings = {
				ALWAYS_SEARCH_USER_PATHS = NO;
				CLANG_ANALYZER_NONNULL = YES;
				CLANG_ANALYZER_NUMBER_OBJECT_CONVERSION = YES_AGGRESSIVE;
				CLANG_CXX_LANGUAGE_STANDARD = "gnu++14";
				CLANG_CXX_LIBRARY = "libc++";
				CLANG_ENABLE_MODULES = YES;
				CLANG_ENABLE_OBJC_ARC = YES;
				CLANG_ENABLE_OBJC_WEAK = YES;
				CLANG_WARN_BLOCK_CAPTURE_AUTORELEASING = YES;
				CLANG_WARN_BOOL_CONVERSION = YES;
				CLANG_WARN_COMMA = YES;
				CLANG_WARN_CONSTANT_CONVERSION = YES;
				CLANG_WARN_DEPRECATED_OBJC_IMPLEMENTATIONS = YES;
				CLANG_WARN_DIRECT_OBJC_ISA_USAGE = YES_ERROR;
				CLANG_WARN_DOCUMENTATION_COMMENTS = YES;
				CLANG_WARN_EMPTY_BODY = YES;
				CLANG_WARN_ENUM_CONVERSION = YES;
				CLANG_WARN_INFINITE_RECURSION = YES;
				CLANG_WARN_INT_CONVERSION = YES;
				CLANG_WARN_NON_LITERAL_NULL_CONVERSION = YES;
				CLANG_WARN_OBJC_IMPLICIT_RETAIN_SELF = YES;
				CLANG_WARN_OBJC_LITERAL_CONVERSION = YES;
				CLANG_WARN_OBJC_ROOT_CLASS = YES_ERROR;
				CLANG_WARN_RANGE_LOOP_ANALYSIS = YES;
				CLANG_WARN_STRICT_PROTOTYPES = YES;
				CLANG_WARN_SUSPICIOUS_MOVE = YES;
				CLANG_WARN_UNGUARDED_AVAILABILITY = YES_AGGRESSIVE;
				CLANG_WARN_UNREACHABLE_CODE = YES;
				CLANG_WARN__DUPLICATE_METHOD_MATCH = YES;
				CODE_SIGN_IDENTITY = "iPhone Developer";
				COPY_PHASE_STRIP = NO;
				DEBUG_INFORMATION_FORMAT = "dwarf-with-dsym";
				ENABLE_NS_ASSERTIONS = NO;
				ENABLE_STRICT_OBJC_MSGSEND = YES;
				GCC_C_LANGUAGE_STANDARD = gnu11;
				GCC_NO_COMMON_BLOCKS = YES;
				GCC_WARN_64_TO_32_BIT_CONVERSION = YES;
				GCC_WARN_ABOUT_RETURN_TYPE = YES_ERROR;
				GCC_WARN_UNDECLARED_SELECTOR = YES;
				GCC_WARN_UNINITIALIZED_AUTOS = YES_AGGRESSIVE;
				GCC_WARN_UNUSED_FUNCTION = YES;
				GCC_WARN_UNUSED_VARIABLE = YES;
				IPHONEOS_DEPLOYMENT_TARGET = 12.4;
				MTL_ENABLE_DEBUG_INFO = NO;
				MTL_FAST_MATH = YES;
				SDKROOT = iphoneos;
				SWIFT_COMPILATION_MODE = wholemodule;
				SWIFT_OPTIMIZATION_LEVEL = "-O";
				VALIDATE_PRODUCT = YES;
			};
			name = Release;
		};
		80B499F7231932AB00FEC958 /* Debug */ = {
			isa = XCBuildConfiguration;
			buildSettings = {
				ASSETCATALOG_COMPILER_APPICON_NAME = AppIcon;
				CODE_SIGN_STYLE = Automatic;
				DEVELOPMENT_TEAM = EZ87HPC93C;
				FRAMEWORK_SEARCH_PATHS = (
					"$(inherited)",
					"$(PROJECT_DIR)/Carthage/Build/iOS",
				);
				INFOPLIST_FILE = gg/Info.plist;
				LD_RUNPATH_SEARCH_PATHS = (
					"$(inherited)",
					"@executable_path/Frameworks",
				);
				PRODUCT_BUNDLE_IDENTIFIER = is.joshhunt.gg;
				PRODUCT_NAME = "$(TARGET_NAME)";
				SWIFT_VERSION = 5.0;
				TARGETED_DEVICE_FAMILY = "1,2";
			};
			name = Debug;
		};
		80B499F8231932AB00FEC958 /* Release */ = {
			isa = XCBuildConfiguration;
			buildSettings = {
				ASSETCATALOG_COMPILER_APPICON_NAME = AppIcon;
				CODE_SIGN_STYLE = Automatic;
				DEVELOPMENT_TEAM = EZ87HPC93C;
				FRAMEWORK_SEARCH_PATHS = (
					"$(inherited)",
					"$(PROJECT_DIR)/Carthage/Build/iOS",
				);
				INFOPLIST_FILE = gg/Info.plist;
				LD_RUNPATH_SEARCH_PATHS = (
					"$(inherited)",
					"@executable_path/Frameworks",
				);
				PRODUCT_BUNDLE_IDENTIFIER = is.joshhunt.gg;
				PRODUCT_NAME = "$(TARGET_NAME)";
				SWIFT_VERSION = 5.0;
				TARGETED_DEVICE_FAMILY = "1,2";
			};
			name = Release;
		};
/* End XCBuildConfiguration section */

/* Begin XCConfigurationList section */
		80B499DF231932A800FEC958 /* Build configuration list for PBXProject "gg" */ = {
			isa = XCConfigurationList;
			buildConfigurations = (
				80B499F4231932AB00FEC958 /* Debug */,
				80B499F5231932AB00FEC958 /* Release */,
			);
			defaultConfigurationIsVisible = 0;
			defaultConfigurationName = Release;
		};
		80B499F6231932AB00FEC958 /* Build configuration list for PBXNativeTarget "gg" */ = {
			isa = XCConfigurationList;
			buildConfigurations = (
				80B499F7231932AB00FEC958 /* Debug */,
				80B499F8231932AB00FEC958 /* Release */,
			);
			defaultConfigurationIsVisible = 0;
			defaultConfigurationName = Release;
		};
/* End XCConfigurationList section */
	};
	rootObject = 80B499DC231932A800FEC958 /* Project object */;
}
